
Microsoft Visual Studio Solution File, Format Version 12.00
# Visual Studio Version 17
VisualStudioVersion = 17.6.33815.320
MinimumVisualStudioVersion = 10.0.40219.1
Project("{FAE04EC0-301F-11D3-BF4B-00C04F79EFBC}") = "Revision1", "Revision1.csproj", "{F7A1E8F4-6F29-4812-9B24-D5A4C1CAE221}"
EndProject
Global
	GlobalSection(SolutionConfigurationPlatforms) = preSolution
		Debug|Any CPU = Debug|Any CPU
		Release|Any CPU = Release|Any CPU
	EndGlobalSection
	GlobalSection(ProjectConfigurationPlatforms) = postSolution
		{F7A1E8F4-6F29-4812-9B24-D5A4C1CAE221}.Debug|Any CPU.ActiveCfg = Debug|Any CPU
		{F7A1E8F4-6F29-4812-9B24-D5A4C1CAE221}.Debug|Any CPU.Build.0 = Debug|Any CPU
		{F7A1E8F4-6F29-4812-9B24-D5A4C1CAE221}.Release|Any CPU.ActiveCfg = Release|Any CPU
		{F7A1E8F4-6F29-4812-9B24-D5A4C1CAE221}.Release|Any CPU.Build.0 = Release|Any CPU
	EndGlobalSection
	GlobalSection(SolutionProperties) = preSolution
		HideSolutionNode = FALSE
	EndGlobalSection
	GlobalSection(ExtensibilityGlobals) = postSolution
		SolutionGuid = {A09E906B-A789-434E-AF0B-6CDA0A968D7A}
	EndGlobalSection
EndGlobal
